
Microsoft Visual Studio Solution File, Format Version 12.00
# Visual Studio 15
VisualStudioVersion = 15.0.26403.7
MinimumVisualStudioVersion = 10.0.40219.1
Project("{FAE04EC0-301F-11D3-BF4B-00C04F79EFBC}") = "Core", "Core\Core.csproj", "{FF069D8E-C935-49F3-9A26-8A6013B7ECF3}"
EndProject
Project("{FAE04EC0-301F-11D3-BF4B-00C04F79EFBC}") = "Grammars", "Grammars\Grammars.csproj", "{B87D35A9-2A66-4EAE-BE19-6F52913C1F1D}"
EndProject
Global
	GlobalSection(SolutionConfigurationPlatforms) = preSolution
		Debug|Any CPU = Debug|Any CPU
		Release|Any CPU = Release|Any CPU
	EndGlobalSection
	GlobalSection(ProjectConfigurationPlatforms) = postSolution
		{FF069D8E-C935-49F3-9A26-8A6013B7ECF3}.Debug|Any CPU.ActiveCfg = Debug|Any CPU
		{FF069D8E-C935-49F3-9A26-8A6013B7ECF3}.Debug|Any CPU.Build.0 = Debug|Any CPU
		{FF069D8E-C935-49F3-9A26-8A6013B7ECF3}.Release|Any CPU.ActiveCfg = Release|Any CPU
		{FF069D8E-C935-49F3-9A26-8A6013B7ECF3}.Release|Any CPU.Build.0 = Release|Any CPU
		{B87D35A9-2A66-4EAE-BE19-6F52913C1F1D}.Debug|Any CPU.ActiveCfg = Debug|Any CPU
		{B87D35A9-2A66-4EAE-BE19-6F52913C1F1D}.Debug|Any CPU.Build.0 = Debug|Any CPU
		{B87D35A9-2A66-4EAE-BE19-6F52913C1F1D}.Release|Any CPU.ActiveCfg = Release|Any CPU
		{B87D35A9-2A66-4EAE-BE19-6F52913C1F1D}.Release|Any CPU.Build.0 = Release|Any CPU
	EndGlobalSection
	GlobalSection(SolutionProperties) = preSolution
		HideSolutionNode = FALSE
	EndGlobalSection
EndGlobal
