
Microsoft Visual Studio Solution File, Format Version 12.00
# Visual Studio 15
VisualStudioVersion = 15.0.26403.7
MinimumVisualStudioVersion = 10.0.40219.1
Project("{FAE04EC0-301F-11D3-BF4B-00C04F79EFBC}") = "Core", "Core\Core.csproj", "{FF069D8E-C935-49F3-9A26-8A6013B7ECF3}"
EndProject
Project("{FAE04EC0-301F-11D3-BF4B-00C04F79EFBC}") = "Grammars", "Grammars\Grammars.csproj", "{B87D35A9-2A66-4EAE-BE19-6F52913C1F1D}"
EndProject
Project("{FAE04EC0-301F-11D3-BF4B-00C04F79EFBC}") = "Parsing", "Parsing\Parsing.csproj", "{F713D20F-5545-4895-BC46-73D4A2F04383}"
EndProject
Project("{FAE04EC0-301F-11D3-BF4B-00C04F79EFBC}") = "Error", "Error\Error.csproj", "{8A8D45E9-7615-4EDF-B297-96C809D678AA}"
EndProject
Project("{FAE04EC0-301F-11D3-BF4B-00C04F79EFBC}") = "TopDownParsing", "TopDownParsing\TopDownParsing.csproj", "{540060AB-F65A-4ADE-B399-546D598B3510}"
EndProject
Project("{FAE04EC0-301F-11D3-BF4B-00C04F79EFBC}") = "BottomUpParsing", "BottomUpParsing\BottomUpParsing.csproj", "{4B5B7D0E-9D83-492D-B4E9-284260069943}"
EndProject
Project("{FAE04EC0-301F-11D3-BF4B-00C04F79EFBC}") = "ErrorLogger", "ErrorLogger\ErrorLogger.csproj", "{8111B9D7-0865-4397-83AE-A62E32A977A7}"
EndProject
Global
	GlobalSection(SolutionConfigurationPlatforms) = preSolution
		Debug|Any CPU = Debug|Any CPU
		Release|Any CPU = Release|Any CPU
	EndGlobalSection
	GlobalSection(ProjectConfigurationPlatforms) = postSolution
		{FF069D8E-C935-49F3-9A26-8A6013B7ECF3}.Debug|Any CPU.ActiveCfg = Debug|Any CPU
		{FF069D8E-C935-49F3-9A26-8A6013B7ECF3}.Debug|Any CPU.Build.0 = Debug|Any CPU
		{FF069D8E-C935-49F3-9A26-8A6013B7ECF3}.Release|Any CPU.ActiveCfg = Release|Any CPU
		{FF069D8E-C935-49F3-9A26-8A6013B7ECF3}.Release|Any CPU.Build.0 = Release|Any CPU
		{B87D35A9-2A66-4EAE-BE19-6F52913C1F1D}.Debug|Any CPU.ActiveCfg = Debug|Any CPU
		{B87D35A9-2A66-4EAE-BE19-6F52913C1F1D}.Debug|Any CPU.Build.0 = Debug|Any CPU
		{B87D35A9-2A66-4EAE-BE19-6F52913C1F1D}.Release|Any CPU.ActiveCfg = Release|Any CPU
		{B87D35A9-2A66-4EAE-BE19-6F52913C1F1D}.Release|Any CPU.Build.0 = Release|Any CPU
		{F713D20F-5545-4895-BC46-73D4A2F04383}.Debug|Any CPU.ActiveCfg = Debug|Any CPU
		{F713D20F-5545-4895-BC46-73D4A2F04383}.Debug|Any CPU.Build.0 = Debug|Any CPU
		{F713D20F-5545-4895-BC46-73D4A2F04383}.Release|Any CPU.ActiveCfg = Release|Any CPU
		{F713D20F-5545-4895-BC46-73D4A2F04383}.Release|Any CPU.Build.0 = Release|Any CPU
		{8A8D45E9-7615-4EDF-B297-96C809D678AA}.Debug|Any CPU.ActiveCfg = Debug|Any CPU
		{8A8D45E9-7615-4EDF-B297-96C809D678AA}.Debug|Any CPU.Build.0 = Debug|Any CPU
		{8A8D45E9-7615-4EDF-B297-96C809D678AA}.Release|Any CPU.ActiveCfg = Release|Any CPU
		{8A8D45E9-7615-4EDF-B297-96C809D678AA}.Release|Any CPU.Build.0 = Release|Any CPU
		{540060AB-F65A-4ADE-B399-546D598B3510}.Debug|Any CPU.ActiveCfg = Debug|Any CPU
		{540060AB-F65A-4ADE-B399-546D598B3510}.Debug|Any CPU.Build.0 = Debug|Any CPU
		{540060AB-F65A-4ADE-B399-546D598B3510}.Release|Any CPU.ActiveCfg = Release|Any CPU
		{540060AB-F65A-4ADE-B399-546D598B3510}.Release|Any CPU.Build.0 = Release|Any CPU
		{4B5B7D0E-9D83-492D-B4E9-284260069943}.Debug|Any CPU.ActiveCfg = Debug|Any CPU
		{4B5B7D0E-9D83-492D-B4E9-284260069943}.Debug|Any CPU.Build.0 = Debug|Any CPU
		{4B5B7D0E-9D83-492D-B4E9-284260069943}.Release|Any CPU.ActiveCfg = Release|Any CPU
		{4B5B7D0E-9D83-492D-B4E9-284260069943}.Release|Any CPU.Build.0 = Release|Any CPU
		{8111B9D7-0865-4397-83AE-A62E32A977A7}.Debug|Any CPU.ActiveCfg = Debug|Any CPU
		{8111B9D7-0865-4397-83AE-A62E32A977A7}.Debug|Any CPU.Build.0 = Debug|Any CPU
		{8111B9D7-0865-4397-83AE-A62E32A977A7}.Release|Any CPU.ActiveCfg = Release|Any CPU
		{8111B9D7-0865-4397-83AE-A62E32A977A7}.Release|Any CPU.Build.0 = Release|Any CPU
	EndGlobalSection
	GlobalSection(SolutionProperties) = preSolution
		HideSolutionNode = FALSE
	EndGlobalSection
EndGlobal
