
Microsoft Visual Studio Solution File, Format Version 12.00
# Visual Studio 15
VisualStudioVersion = 15.0.27130.2010
MinimumVisualStudioVersion = 10.0.40219.1
Project("{FAE04EC0-301F-11D3-BF4B-00C04F79EFBC}") = "UnitTest", "UnitTest\UnitTest.csproj", "{CA56512A-BD4D-41AE-91CF-067B3AEACBD9}"
EndProject
Project("{2150E333-8FDC-42A3-9474-1A3956D46DE8}") = "Examples", "Examples", "{38C135F4-3CDD-43F7-A993-E2A17364F7E3}"
EndProject
Project("{2150E333-8FDC-42A3-9474-1A3956D46DE8}") = "success", "success", "{7706C195-0E1A-4115-ACD7-3679B521F36E}"
	ProjectSection(SolutionItems) = preProject
		Examples\success\arith.cl = Examples\success\arith.cl
		Examples\success\atoi.cl = Examples\success\atoi.cl
		Examples\success\binary_tree.cl = Examples\success\binary_tree.cl
		Examples\success\good.cl = Examples\success\good.cl
		Examples\success\hello_world.cl = Examples\success\hello_world.cl
		Examples\success\life.cl = Examples\success\life.cl
		Examples\success\palindrome.cl = Examples\success\palindrome.cl
		Examples\success\test.4.cl = Examples\success\test.4.cl
		Examples\success\test.cl = Examples\success\test.cl
	EndProjectSection
EndProject
Project("{2150E333-8FDC-42A3-9474-1A3956D46DE8}") = "fail", "fail", "{4EC225BC-EA0A-4401-955A-105475BEA7C2}"
	ProjectSection(SolutionItems) = preProject
		Examples\fail\all_else_true.cl = Examples\fail\all_else_true.cl
		Examples\fail\bad.cl = Examples\fail\bad.cl
		Examples\fail\test.3.cl = Examples\fail\test.3.cl
	EndProjectSection
EndProject
Project("{FAE04EC0-301F-11D3-BF4B-00C04F79EFBC}") = "AST", "AST\AST.csproj", "{B1930868-1165-42AC-8DCF-F1D34CC7D82C}"
EndProject
Project("{FAE04EC0-301F-11D3-BF4B-00C04F79EFBC}") = "Core", "Cool\Core.csproj", "{566EC88F-AD6D-4779-B4AD-B3E998CC002F}"
EndProject
Global
	GlobalSection(SolutionConfigurationPlatforms) = preSolution
		Debug|Any CPU = Debug|Any CPU
		Release|Any CPU = Release|Any CPU
	EndGlobalSection
	GlobalSection(ProjectConfigurationPlatforms) = postSolution
		{CA56512A-BD4D-41AE-91CF-067B3AEACBD9}.Debug|Any CPU.ActiveCfg = Debug|Any CPU
		{CA56512A-BD4D-41AE-91CF-067B3AEACBD9}.Debug|Any CPU.Build.0 = Debug|Any CPU
		{CA56512A-BD4D-41AE-91CF-067B3AEACBD9}.Release|Any CPU.ActiveCfg = Release|Any CPU
		{CA56512A-BD4D-41AE-91CF-067B3AEACBD9}.Release|Any CPU.Build.0 = Release|Any CPU
		{B1930868-1165-42AC-8DCF-F1D34CC7D82C}.Debug|Any CPU.ActiveCfg = Debug|Any CPU
		{B1930868-1165-42AC-8DCF-F1D34CC7D82C}.Debug|Any CPU.Build.0 = Debug|Any CPU
		{B1930868-1165-42AC-8DCF-F1D34CC7D82C}.Release|Any CPU.ActiveCfg = Release|Any CPU
		{B1930868-1165-42AC-8DCF-F1D34CC7D82C}.Release|Any CPU.Build.0 = Release|Any CPU
		{566EC88F-AD6D-4779-B4AD-B3E998CC002F}.Debug|Any CPU.ActiveCfg = Debug|Any CPU
		{566EC88F-AD6D-4779-B4AD-B3E998CC002F}.Debug|Any CPU.Build.0 = Debug|Any CPU
		{566EC88F-AD6D-4779-B4AD-B3E998CC002F}.Release|Any CPU.ActiveCfg = Release|Any CPU
		{566EC88F-AD6D-4779-B4AD-B3E998CC002F}.Release|Any CPU.Build.0 = Release|Any CPU
	EndGlobalSection
	GlobalSection(SolutionProperties) = preSolution
		HideSolutionNode = FALSE
	EndGlobalSection
	GlobalSection(NestedProjects) = preSolution
		{7706C195-0E1A-4115-ACD7-3679B521F36E} = {38C135F4-3CDD-43F7-A993-E2A17364F7E3}
		{4EC225BC-EA0A-4401-955A-105475BEA7C2} = {38C135F4-3CDD-43F7-A993-E2A17364F7E3}
	EndGlobalSection
	GlobalSection(ExtensibilityGlobals) = postSolution
		SolutionGuid = {7095B042-2D4C-4BBA-8435-9E1987B1DF40}
	EndGlobalSection
EndGlobal
