
Microsoft Visual Studio Solution File, Format Version 12.00
# Visual Studio 15
VisualStudioVersion = 15.0.27130.2010
MinimumVisualStudioVersion = 10.0.40219.1
Project("{FAE04EC0-301F-11D3-BF4B-00C04F79EFBC}") = "Core", "Cool\Core.csproj", "{566EC88F-AD6D-4779-B4AD-B3E998CC002F}"
EndProject
Project("{FAE04EC0-301F-11D3-BF4B-00C04F79EFBC}") = "UnitTest", "UnitTest\UnitTest.csproj", "{63214EDA-AC82-4C41-BA44-FF504EFFB7AA}"
EndProject
Global
	GlobalSection(SolutionConfigurationPlatforms) = preSolution
		Debug|Any CPU = Debug|Any CPU
		Release|Any CPU = Release|Any CPU
	EndGlobalSection
	GlobalSection(ProjectConfigurationPlatforms) = postSolution
		{566EC88F-AD6D-4779-B4AD-B3E998CC002F}.Debug|Any CPU.ActiveCfg = Debug|Any CPU
		{566EC88F-AD6D-4779-B4AD-B3E998CC002F}.Debug|Any CPU.Build.0 = Debug|Any CPU
		{566EC88F-AD6D-4779-B4AD-B3E998CC002F}.Release|Any CPU.ActiveCfg = Release|Any CPU
		{566EC88F-AD6D-4779-B4AD-B3E998CC002F}.Release|Any CPU.Build.0 = Release|Any CPU
		{63214EDA-AC82-4C41-BA44-FF504EFFB7AA}.Debug|Any CPU.ActiveCfg = Debug|Any CPU
		{63214EDA-AC82-4C41-BA44-FF504EFFB7AA}.Debug|Any CPU.Build.0 = Debug|Any CPU
		{63214EDA-AC82-4C41-BA44-FF504EFFB7AA}.Release|Any CPU.ActiveCfg = Release|Any CPU
		{63214EDA-AC82-4C41-BA44-FF504EFFB7AA}.Release|Any CPU.Build.0 = Release|Any CPU
	EndGlobalSection
	GlobalSection(SolutionProperties) = preSolution
		HideSolutionNode = FALSE
	EndGlobalSection
	GlobalSection(ExtensibilityGlobals) = postSolution
		SolutionGuid = {7095B042-2D4C-4BBA-8435-9E1987B1DF40}
	EndGlobalSection
EndGlobal
