
Microsoft Visual Studio Solution File, Format Version 12.00
# Visual Studio 15
VisualStudioVersion = 15.0.26403.7
MinimumVisualStudioVersion = 10.0.40219.1
Project("{FAE04EC0-301F-11D3-BF4B-00C04F79EFBC}") = "Core", "Core\Core.csproj", "{FF069D8E-C935-49F3-9A26-8A6013B7ECF3}"
EndProject
Project("{FAE04EC0-301F-11D3-BF4B-00C04F79EFBC}") = "Grammars", "Grammars\Grammars.csproj", "{B87D35A9-2A66-4EAE-BE19-6F52913C1F1D}"
EndProject
Project("{FAE04EC0-301F-11D3-BF4B-00C04F79EFBC}") = "Parsing", "Parsing\Parsing.csproj", "{F713D20F-5545-4895-BC46-73D4A2F04383}"
EndProject
Project("{FAE04EC0-301F-11D3-BF4B-00C04F79EFBC}") = "Error", "Error\Error.csproj", "{8A8D45E9-7615-4EDF-B297-96C809D678AA}"
EndProject
Project("{FAE04EC0-301F-11D3-BF4B-00C04F79EFBC}") = "TopDownParsing", "TopDownParsing\TopDownParsing.csproj", "{540060AB-F65A-4ADE-B399-546D598B3510}"
EndProject
Project("{FAE04EC0-301F-11D3-BF4B-00C04F79EFBC}") = "BottomUpParsing", "BottomUpParsing\BottomUpParsing.csproj", "{4B5B7D0E-9D83-492D-B4E9-284260069943}"
EndProject
Project("{FAE04EC0-301F-11D3-BF4B-00C04F79EFBC}") = "ErrorLogger", "ErrorLogger\ErrorLogger.csproj", "{8111B9D7-0865-4397-83AE-A62E32A977A7}"
EndProject
Project("{FAE04EC0-301F-11D3-BF4B-00C04F79EFBC}") = "Lexer", "Lexer\Lexer.csproj", "{3EE3C41A-BCA1-459B-8B77-06231DE79C32}"
EndProject
Project("{FAE04EC0-301F-11D3-BF4B-00C04F79EFBC}") = "UnitTest", "UnitTest\UnitTest.csproj", "{CA56512A-BD4D-41AE-91CF-067B3AEACBD9}"
EndProject
Project("{2150E333-8FDC-42A3-9474-1A3956D46DE8}") = "Examples", "Examples", "{38C135F4-3CDD-43F7-A993-E2A17364F7E3}"
EndProject
Project("{2150E333-8FDC-42A3-9474-1A3956D46DE8}") = "success", "success", "{7706C195-0E1A-4115-ACD7-3679B521F36E}"
	ProjectSection(SolutionItems) = preProject
		Examples\success\binary_tree.cl = Examples\success\binary_tree.cl
		Examples\success\hello_world.cl = Examples\success\hello_world.cl
		Examples\success\life.cl = Examples\success\life.cl
		Examples\success\palindrome.cl = Examples\success\palindrome.cl
	EndProjectSection
EndProject
Project("{2150E333-8FDC-42A3-9474-1A3956D46DE8}") = "fail", "fail", "{4EC225BC-EA0A-4401-955A-105475BEA7C2}"
EndProject
Global
	GlobalSection(SolutionConfigurationPlatforms) = preSolution
		Debug|Any CPU = Debug|Any CPU
		Release|Any CPU = Release|Any CPU
	EndGlobalSection
	GlobalSection(ProjectConfigurationPlatforms) = postSolution
		{FF069D8E-C935-49F3-9A26-8A6013B7ECF3}.Debug|Any CPU.ActiveCfg = Debug|Any CPU
		{FF069D8E-C935-49F3-9A26-8A6013B7ECF3}.Debug|Any CPU.Build.0 = Debug|Any CPU
		{FF069D8E-C935-49F3-9A26-8A6013B7ECF3}.Release|Any CPU.ActiveCfg = Release|Any CPU
		{FF069D8E-C935-49F3-9A26-8A6013B7ECF3}.Release|Any CPU.Build.0 = Release|Any CPU
		{B87D35A9-2A66-4EAE-BE19-6F52913C1F1D}.Debug|Any CPU.ActiveCfg = Debug|Any CPU
		{B87D35A9-2A66-4EAE-BE19-6F52913C1F1D}.Debug|Any CPU.Build.0 = Debug|Any CPU
		{B87D35A9-2A66-4EAE-BE19-6F52913C1F1D}.Release|Any CPU.ActiveCfg = Release|Any CPU
		{B87D35A9-2A66-4EAE-BE19-6F52913C1F1D}.Release|Any CPU.Build.0 = Release|Any CPU
		{F713D20F-5545-4895-BC46-73D4A2F04383}.Debug|Any CPU.ActiveCfg = Debug|Any CPU
		{F713D20F-5545-4895-BC46-73D4A2F04383}.Debug|Any CPU.Build.0 = Debug|Any CPU
		{F713D20F-5545-4895-BC46-73D4A2F04383}.Release|Any CPU.ActiveCfg = Release|Any CPU
		{F713D20F-5545-4895-BC46-73D4A2F04383}.Release|Any CPU.Build.0 = Release|Any CPU
		{8A8D45E9-7615-4EDF-B297-96C809D678AA}.Debug|Any CPU.ActiveCfg = Debug|Any CPU
		{8A8D45E9-7615-4EDF-B297-96C809D678AA}.Debug|Any CPU.Build.0 = Debug|Any CPU
		{8A8D45E9-7615-4EDF-B297-96C809D678AA}.Release|Any CPU.ActiveCfg = Release|Any CPU
		{8A8D45E9-7615-4EDF-B297-96C809D678AA}.Release|Any CPU.Build.0 = Release|Any CPU
		{540060AB-F65A-4ADE-B399-546D598B3510}.Debug|Any CPU.ActiveCfg = Debug|Any CPU
		{540060AB-F65A-4ADE-B399-546D598B3510}.Debug|Any CPU.Build.0 = Debug|Any CPU
		{540060AB-F65A-4ADE-B399-546D598B3510}.Release|Any CPU.ActiveCfg = Release|Any CPU
		{540060AB-F65A-4ADE-B399-546D598B3510}.Release|Any CPU.Build.0 = Release|Any CPU
		{4B5B7D0E-9D83-492D-B4E9-284260069943}.Debug|Any CPU.ActiveCfg = Debug|Any CPU
		{4B5B7D0E-9D83-492D-B4E9-284260069943}.Debug|Any CPU.Build.0 = Debug|Any CPU
		{4B5B7D0E-9D83-492D-B4E9-284260069943}.Release|Any CPU.ActiveCfg = Release|Any CPU
		{4B5B7D0E-9D83-492D-B4E9-284260069943}.Release|Any CPU.Build.0 = Release|Any CPU
		{8111B9D7-0865-4397-83AE-A62E32A977A7}.Debug|Any CPU.ActiveCfg = Debug|Any CPU
		{8111B9D7-0865-4397-83AE-A62E32A977A7}.Debug|Any CPU.Build.0 = Debug|Any CPU
		{8111B9D7-0865-4397-83AE-A62E32A977A7}.Release|Any CPU.ActiveCfg = Release|Any CPU
		{8111B9D7-0865-4397-83AE-A62E32A977A7}.Release|Any CPU.Build.0 = Release|Any CPU
		{3EE3C41A-BCA1-459B-8B77-06231DE79C32}.Debug|Any CPU.ActiveCfg = Debug|Any CPU
		{3EE3C41A-BCA1-459B-8B77-06231DE79C32}.Debug|Any CPU.Build.0 = Debug|Any CPU
		{3EE3C41A-BCA1-459B-8B77-06231DE79C32}.Release|Any CPU.ActiveCfg = Release|Any CPU
		{3EE3C41A-BCA1-459B-8B77-06231DE79C32}.Release|Any CPU.Build.0 = Release|Any CPU
		{CA56512A-BD4D-41AE-91CF-067B3AEACBD9}.Debug|Any CPU.ActiveCfg = Debug|Any CPU
		{CA56512A-BD4D-41AE-91CF-067B3AEACBD9}.Debug|Any CPU.Build.0 = Debug|Any CPU
		{CA56512A-BD4D-41AE-91CF-067B3AEACBD9}.Release|Any CPU.ActiveCfg = Release|Any CPU
		{CA56512A-BD4D-41AE-91CF-067B3AEACBD9}.Release|Any CPU.Build.0 = Release|Any CPU
	EndGlobalSection
	GlobalSection(SolutionProperties) = preSolution
		HideSolutionNode = FALSE
	EndGlobalSection
	GlobalSection(NestedProjects) = preSolution
		{7706C195-0E1A-4115-ACD7-3679B521F36E} = {38C135F4-3CDD-43F7-A993-E2A17364F7E3}
		{4EC225BC-EA0A-4401-955A-105475BEA7C2} = {38C135F4-3CDD-43F7-A993-E2A17364F7E3}
	EndGlobalSection
EndGlobal
